
Microsoft Visual Studio Solution File, Format Version 12.00
# Visual Studio Version 16
VisualStudioVersion = 16.0.32630.194
MinimumVisualStudioVersion = 10.0.40219.1
Project("{FAE04EC0-301F-11D3-BF4B-00C04F79EFBC}") = "Steganografia", "Steganografia\Steganografia.csproj", "{DECD699E-C5B3-455A-9750-9024FC888596}"
EndProject
Global
	GlobalSection(SolutionConfigurationPlatforms) = preSolution
		Debug|Any CPU = Debug|Any CPU
		Release|Any CPU = Release|Any CPU
	EndGlobalSection
	GlobalSection(ProjectConfigurationPlatforms) = postSolution
		{DECD699E-C5B3-455A-9750-9024FC888596}.Debug|Any CPU.ActiveCfg = Debug|Any CPU
		{DECD699E-C5B3-455A-9750-9024FC888596}.Debug|Any CPU.Build.0 = Debug|Any CPU
		{DECD699E-C5B3-455A-9750-9024FC888596}.Release|Any CPU.ActiveCfg = Release|Any CPU
		{DECD699E-C5B3-455A-9750-9024FC888596}.Release|Any CPU.Build.0 = Release|Any CPU
	EndGlobalSection
	GlobalSection(SolutionProperties) = preSolution
		HideSolutionNode = FALSE
	EndGlobalSection
	GlobalSection(ExtensibilityGlobals) = postSolution
		SolutionGuid = {AF6C3612-80E0-4FBE-A99E-824EA2CFBAFE}
	EndGlobalSection
EndGlobal
